
Microsoft Visual Studio Solution File, Format Version 12.00
# Visual Studio Version 16
VisualStudioVersion = 16.0.31313.79
MinimumVisualStudioVersion = 10.0.40219.1
Project("{FAE04EC0-301F-11D3-BF4B-00C04F79EFBC}") = "Projeto_teste_Git", "Projeto_teste_Git\Projeto_teste_Git.csproj", "{6B7C9F14-698C-4A20-87CF-608E7996BC61}"
EndProject
Global
	GlobalSection(SolutionConfigurationPlatforms) = preSolution
		Debug|Any CPU = Debug|Any CPU
		Release|Any CPU = Release|Any CPU
	EndGlobalSection
	GlobalSection(ProjectConfigurationPlatforms) = postSolution
		{6B7C9F14-698C-4A20-87CF-608E7996BC61}.Debug|Any CPU.ActiveCfg = Debug|Any CPU
		{6B7C9F14-698C-4A20-87CF-608E7996BC61}.Debug|Any CPU.Build.0 = Debug|Any CPU
		{6B7C9F14-698C-4A20-87CF-608E7996BC61}.Release|Any CPU.ActiveCfg = Release|Any CPU
		{6B7C9F14-698C-4A20-87CF-608E7996BC61}.Release|Any CPU.Build.0 = Release|Any CPU
	EndGlobalSection
	GlobalSection(SolutionProperties) = preSolution
		HideSolutionNode = FALSE
	EndGlobalSection
	GlobalSection(ExtensibilityGlobals) = postSolution
		SolutionGuid = {1B9E37B0-43D2-45AC-BD4A-6D7E2F46EFB4}
	EndGlobalSection
EndGlobal
